
Microsoft Visual Studio Solution File, Format Version 12.00
# Visual Studio Version 17
VisualStudioVersion = 17.4.33110.190
MinimumVisualStudioVersion = 10.0.40219.1
Project("{FAE04EC0-301F-11D3-BF4B-00C04F79EFBC}") = "01_AssignmentDbWpf", "01_AssignmentDbWpf\01_AssignmentDbWpf.csproj", "{436E198A-903A-41C3-91DF-CD0DEC535480}"
EndProject
Global
	GlobalSection(SolutionConfigurationPlatforms) = preSolution
		Debug|Any CPU = Debug|Any CPU
		Release|Any CPU = Release|Any CPU
	EndGlobalSection
	GlobalSection(ProjectConfigurationPlatforms) = postSolution
		{436E198A-903A-41C3-91DF-CD0DEC535480}.Debug|Any CPU.ActiveCfg = Debug|Any CPU
		{436E198A-903A-41C3-91DF-CD0DEC535480}.Debug|Any CPU.Build.0 = Debug|Any CPU
		{436E198A-903A-41C3-91DF-CD0DEC535480}.Release|Any CPU.ActiveCfg = Release|Any CPU
		{436E198A-903A-41C3-91DF-CD0DEC535480}.Release|Any CPU.Build.0 = Release|Any CPU
	EndGlobalSection
	GlobalSection(SolutionProperties) = preSolution
		HideSolutionNode = FALSE
	EndGlobalSection
	GlobalSection(ExtensibilityGlobals) = postSolution
		SolutionGuid = {2A70CD43-6255-48F2-B09C-D3D5573D9F00}
	EndGlobalSection
EndGlobal
